
Microsoft Visual Studio Solution File, Format Version 12.00
# Visual Studio Version 17
VisualStudioVersion = 17.6.33815.320
MinimumVisualStudioVersion = 10.0.40219.1
Project("{2150E333-8FDC-42A3-9474-1A3956D46DE8}") = "src", "src", "{414CD4F6-8EB6-4C6D-B1A9-F59E93AD6F66}"
EndProject
Project("{2150E333-8FDC-42A3-9474-1A3956D46DE8}") = "Template", "Template", "{85174412-4283-4799-9D59-1214A5CF9CF5}"
EndProject
Project("{9A19103F-16F7-4668-BE54-9A1E7A4F7556}") = "Domain", "src\Template\Domain\Domain.csproj", "{B165A76C-9104-4D94-9CF5-5CAA2C135E0E}"
EndProject
Project("{9A19103F-16F7-4668-BE54-9A1E7A4F7556}") = "Command", "src\Template\Command\Command.csproj", "{D6F802E5-4C2D-4E29-9AEA-D626BF95A090}"
EndProject
Project("{9A19103F-16F7-4668-BE54-9A1E7A4F7556}") = "Services", "src\Template\Services\Services.csproj", "{A9B9788A-CF51-4FBF-8380-958947C8918E}"
EndProject
Project("{9A19103F-16F7-4668-BE54-9A1E7A4F7556}") = "Api", "src\Template\Api\Api.csproj", "{A1CDDF5A-B470-434E-A45E-0757AA44CC6A}"
EndProject
Project("{FAE04EC0-301F-11D3-BF4B-00C04F79EFBC}") = "Template.AppHost", "Template.AppHost\Template.AppHost.csproj", "{3323BC4F-77B2-4AE3-A167-FDEB1233B2A0}"
EndProject
Project("{FAE04EC0-301F-11D3-BF4B-00C04F79EFBC}") = "Template.ServiceDefaults", "Template.ServiceDefaults\Template.ServiceDefaults.csproj", "{13691A71-5829-4272-9164-EA886C6E6898}"
EndProject
Project("{2150E333-8FDC-42A3-9474-1A3956D46DE8}") = "Aspire", "Aspire", "{D8DA5A66-513F-4FC0-94AF-4C452F5C876C}"
EndProject
Project("{FAE04EC0-301F-11D3-BF4B-00C04F79EFBC}") = "Migration", "src\Template\Migration\Migration.csproj", "{649EC938-90BF-4EF3-B587-F9E949A5A74F}"
EndProject
Project("{2150E333-8FDC-42A3-9474-1A3956D46DE8}") = "docs", "docs", "{D0338614-5FB0-4157-9C31-3FA19A6106F3}"
	ProjectSection(SolutionItems) = preProject
		readmed.md = readmed.md
	EndProjectSection
EndProject
Global
	GlobalSection(SolutionConfigurationPlatforms) = preSolution
		Debug|Any CPU = Debug|Any CPU
		Release|Any CPU = Release|Any CPU
	EndGlobalSection
	GlobalSection(ProjectConfigurationPlatforms) = postSolution
		{B165A76C-9104-4D94-9CF5-5CAA2C135E0E}.Debug|Any CPU.ActiveCfg = Debug|Any CPU
		{B165A76C-9104-4D94-9CF5-5CAA2C135E0E}.Debug|Any CPU.Build.0 = Debug|Any CPU
		{B165A76C-9104-4D94-9CF5-5CAA2C135E0E}.Release|Any CPU.ActiveCfg = Release|Any CPU
		{B165A76C-9104-4D94-9CF5-5CAA2C135E0E}.Release|Any CPU.Build.0 = Release|Any CPU
		{D6F802E5-4C2D-4E29-9AEA-D626BF95A090}.Debug|Any CPU.ActiveCfg = Debug|Any CPU
		{D6F802E5-4C2D-4E29-9AEA-D626BF95A090}.Debug|Any CPU.Build.0 = Debug|Any CPU
		{D6F802E5-4C2D-4E29-9AEA-D626BF95A090}.Release|Any CPU.ActiveCfg = Release|Any CPU
		{D6F802E5-4C2D-4E29-9AEA-D626BF95A090}.Release|Any CPU.Build.0 = Release|Any CPU
		{A9B9788A-CF51-4FBF-8380-958947C8918E}.Debug|Any CPU.ActiveCfg = Debug|Any CPU
		{A9B9788A-CF51-4FBF-8380-958947C8918E}.Debug|Any CPU.Build.0 = Debug|Any CPU
		{A9B9788A-CF51-4FBF-8380-958947C8918E}.Release|Any CPU.ActiveCfg = Release|Any CPU
		{A9B9788A-CF51-4FBF-8380-958947C8918E}.Release|Any CPU.Build.0 = Release|Any CPU
		{A1CDDF5A-B470-434E-A45E-0757AA44CC6A}.Debug|Any CPU.ActiveCfg = Debug|Any CPU
		{A1CDDF5A-B470-434E-A45E-0757AA44CC6A}.Debug|Any CPU.Build.0 = Debug|Any CPU
		{A1CDDF5A-B470-434E-A45E-0757AA44CC6A}.Release|Any CPU.ActiveCfg = Release|Any CPU
		{A1CDDF5A-B470-434E-A45E-0757AA44CC6A}.Release|Any CPU.Build.0 = Release|Any CPU
		{3323BC4F-77B2-4AE3-A167-FDEB1233B2A0}.Debug|Any CPU.ActiveCfg = Debug|Any CPU
		{3323BC4F-77B2-4AE3-A167-FDEB1233B2A0}.Debug|Any CPU.Build.0 = Debug|Any CPU
		{3323BC4F-77B2-4AE3-A167-FDEB1233B2A0}.Release|Any CPU.ActiveCfg = Release|Any CPU
		{3323BC4F-77B2-4AE3-A167-FDEB1233B2A0}.Release|Any CPU.Build.0 = Release|Any CPU
		{13691A71-5829-4272-9164-EA886C6E6898}.Debug|Any CPU.ActiveCfg = Debug|Any CPU
		{13691A71-5829-4272-9164-EA886C6E6898}.Debug|Any CPU.Build.0 = Debug|Any CPU
		{13691A71-5829-4272-9164-EA886C6E6898}.Release|Any CPU.ActiveCfg = Release|Any CPU
		{13691A71-5829-4272-9164-EA886C6E6898}.Release|Any CPU.Build.0 = Release|Any CPU
		{649EC938-90BF-4EF3-B587-F9E949A5A74F}.Debug|Any CPU.ActiveCfg = Debug|Any CPU
		{649EC938-90BF-4EF3-B587-F9E949A5A74F}.Debug|Any CPU.Build.0 = Debug|Any CPU
		{649EC938-90BF-4EF3-B587-F9E949A5A74F}.Release|Any CPU.ActiveCfg = Release|Any CPU
		{649EC938-90BF-4EF3-B587-F9E949A5A74F}.Release|Any CPU.Build.0 = Release|Any CPU
	EndGlobalSection
	GlobalSection(SolutionProperties) = preSolution
		HideSolutionNode = FALSE
	EndGlobalSection
	GlobalSection(NestedProjects) = preSolution
		{85174412-4283-4799-9D59-1214A5CF9CF5} = {414CD4F6-8EB6-4C6D-B1A9-F59E93AD6F66}
		{B165A76C-9104-4D94-9CF5-5CAA2C135E0E} = {85174412-4283-4799-9D59-1214A5CF9CF5}
		{D6F802E5-4C2D-4E29-9AEA-D626BF95A090} = {85174412-4283-4799-9D59-1214A5CF9CF5}
		{A9B9788A-CF51-4FBF-8380-958947C8918E} = {85174412-4283-4799-9D59-1214A5CF9CF5}
		{A1CDDF5A-B470-434E-A45E-0757AA44CC6A} = {85174412-4283-4799-9D59-1214A5CF9CF5}
		{3323BC4F-77B2-4AE3-A167-FDEB1233B2A0} = {D8DA5A66-513F-4FC0-94AF-4C452F5C876C}
		{13691A71-5829-4272-9164-EA886C6E6898} = {D8DA5A66-513F-4FC0-94AF-4C452F5C876C}
		{D8DA5A66-513F-4FC0-94AF-4C452F5C876C} = {414CD4F6-8EB6-4C6D-B1A9-F59E93AD6F66}
		{649EC938-90BF-4EF3-B587-F9E949A5A74F} = {85174412-4283-4799-9D59-1214A5CF9CF5}
		{D0338614-5FB0-4157-9C31-3FA19A6106F3} = {414CD4F6-8EB6-4C6D-B1A9-F59E93AD6F66}
	EndGlobalSection
	GlobalSection(ExtensibilityGlobals) = postSolution
		SolutionGuid = {B5815BB7-C13A-4B90-AEFE-A63BFED37347}
	EndGlobalSection
EndGlobal
